github.com/xchacha20-poly1305/gvgo v0.1.0 h1:vHtl16g64jyfQ4PrjAKeRZgcwsbzGFM5JDd+EIcMPF4=
github.com/xchacha20-poly1305/gvgo v0.1.0/go.mod h1:+hUiU2yLTIGxiLNGgm8QxoyK0sKW+eN/S5MesuR4pzE=
github.com/xchacha20-poly1305/gvgo v0.1.1 h1:4Pl9mMO9kekiyf/7r7njNCaOT0NLRy16es7KKixekQI=
github.com/xchacha20-poly1305/gvgo v0.1.1/go.mod h1:n9wl3Ia8SCCTIEfaw2RSWPzpcYS8LyPNADFi6f0VsHY=
